
Microsoft Visual Studio Solution File, Format Version 12.00
# Visual Studio 15
VisualStudioVersion = 15.0.27004.2006
MinimumVisualStudioVersion = 10.0.40219.1
Project("{2150E333-8FDC-42A3-9474-1A3956D46DE8}") = "src", "src", "{DD273D5E-6D6C-41FA-A0C8-646CC53C4DC3}"
EndProject
Project("{9A19103F-16F7-4668-BE54-9A1E7A4F7556}") = "DotNetToolkit.Repository", "src\DotNetToolkit.Repository\DotNetToolkit.Repository.csproj", "{76BC5AB7-1198-4C99-B2C3-3B734931F8EE}"
EndProject
Project("{2150E333-8FDC-42A3-9474-1A3956D46DE8}") = "test", "test", "{DAB3DD1E-AD99-46C9-AC42-07E2F03D5A06}"
EndProject
Project("{9A19103F-16F7-4668-BE54-9A1E7A4F7556}") = "DotNetToolkit.Repository.Test", "test\DotNetToolkit.Repository.Test\DotNetToolkit.Repository.Test.csproj", "{EAE7B507-D908-4650-A301-C3341F005A51}"
EndProject
Project("{9A19103F-16F7-4668-BE54-9A1E7A4F7556}") = "DotNetToolkit.Repository.EntityFramework", "src\DotNetToolkit.Repository.EntityFramework\DotNetToolkit.Repository.EntityFramework.csproj", "{8DBCF7DE-532D-45DF-A6B8-5D89415C5B77}"
EndProject
Project("{9A19103F-16F7-4668-BE54-9A1E7A4F7556}") = "DotNetToolkit.Repository.Integration.Test", "test\DotNetToolkit.Repository.Integration.Test\DotNetToolkit.Repository.Integration.Test.csproj", "{2F99B66F-A347-4E8D-8ACA-5A34246A1FA6}"
EndProject
Project("{9A19103F-16F7-4668-BE54-9A1E7A4F7556}") = "DotNetToolkit.Repository.EntityFrameworkCore", "src\DotNetToolkit.Repository.EntityFrameworkCore\DotNetToolkit.Repository.EntityFrameworkCore.csproj", "{0A9D9AA4-F01C-470F-AD5B-5A81EA7A398D}"
EndProject
Project("{9A19103F-16F7-4668-BE54-9A1E7A4F7556}") = "DotNetToolkit.Repository.AdoNet", "src\DotNetToolkit.Repository.AdoNet\DotNetToolkit.Repository.AdoNet.csproj", "{77973BF2-E352-43C9-8CF2-99E01142B2A8}"
EndProject
Project("{2150E333-8FDC-42A3-9474-1A3956D46DE8}") = "samples", "samples", "{257E837B-5B99-44D7-9647-1C2FE0A07520}"
EndProject
Project("{FAE04EC0-301F-11D3-BF4B-00C04F79EFBC}") = "DotNetToolkit.Repository.Wpf.Demo", "samples\DotNetToolkit.Repository.Wpf.Demo\DotNetToolkit.Repository.Wpf.Demo.csproj", "{14409451-ED11-4DEF-8A89-783834F8316C}"
EndProject
Project("{9A19103F-16F7-4668-BE54-9A1E7A4F7556}") = "DotNetToolkit.Repository.Microsoft.DependencyInjection", "src\DotNetToolkit.Repository.Microsoft.DependencyInjection\DotNetToolkit.Repository.Microsoft.DependencyInjection.csproj", "{21EECEDF-7AD0-4456-87D0-ABA47AE3368C}"
EndProject
Project("{9A19103F-16F7-4668-BE54-9A1E7A4F7556}") = "DotNetToolkit.Repository.InMemory", "src\DotNetToolkit.Repository.InMemory\DotNetToolkit.Repository.InMemory.csproj", "{05705FCB-B361-4139-8C83-D4D5DF085A62}"
EndProject
Project("{2150E333-8FDC-42A3-9474-1A3956D46DE8}") = "benchmarks", "benchmarks", "{91D14746-3446-48E3-B01C-BF77B848738A}"
EndProject
Project("{FAE04EC0-301F-11D3-BF4B-00C04F79EFBC}") = "DotNetToolkit.Repository.Performance", "benchmarks\DotNetToolkit.Repository.Performance\DotNetToolkit.Repository.Performance.csproj", "{2700614E-A941-42C9-B86F-22D8A47690F3}"
EndProject
Global
	GlobalSection(SolutionConfigurationPlatforms) = preSolution
		Debug|Any CPU = Debug|Any CPU
		Release|Any CPU = Release|Any CPU
	EndGlobalSection
	GlobalSection(ProjectConfigurationPlatforms) = postSolution
		{76BC5AB7-1198-4C99-B2C3-3B734931F8EE}.Debug|Any CPU.ActiveCfg = Debug|Any CPU
		{76BC5AB7-1198-4C99-B2C3-3B734931F8EE}.Debug|Any CPU.Build.0 = Debug|Any CPU
		{76BC5AB7-1198-4C99-B2C3-3B734931F8EE}.Release|Any CPU.ActiveCfg = Release|Any CPU
		{76BC5AB7-1198-4C99-B2C3-3B734931F8EE}.Release|Any CPU.Build.0 = Release|Any CPU
		{EAE7B507-D908-4650-A301-C3341F005A51}.Debug|Any CPU.ActiveCfg = Debug|Any CPU
		{EAE7B507-D908-4650-A301-C3341F005A51}.Debug|Any CPU.Build.0 = Debug|Any CPU
		{EAE7B507-D908-4650-A301-C3341F005A51}.Release|Any CPU.ActiveCfg = Release|Any CPU
		{EAE7B507-D908-4650-A301-C3341F005A51}.Release|Any CPU.Build.0 = Release|Any CPU
		{8DBCF7DE-532D-45DF-A6B8-5D89415C5B77}.Debug|Any CPU.ActiveCfg = Debug|Any CPU
		{8DBCF7DE-532D-45DF-A6B8-5D89415C5B77}.Debug|Any CPU.Build.0 = Debug|Any CPU
		{8DBCF7DE-532D-45DF-A6B8-5D89415C5B77}.Release|Any CPU.ActiveCfg = Release|Any CPU
		{8DBCF7DE-532D-45DF-A6B8-5D89415C5B77}.Release|Any CPU.Build.0 = Release|Any CPU
		{2F99B66F-A347-4E8D-8ACA-5A34246A1FA6}.Debug|Any CPU.ActiveCfg = Debug|Any CPU
		{2F99B66F-A347-4E8D-8ACA-5A34246A1FA6}.Debug|Any CPU.Build.0 = Debug|Any CPU
		{2F99B66F-A347-4E8D-8ACA-5A34246A1FA6}.Release|Any CPU.ActiveCfg = Release|Any CPU
		{2F99B66F-A347-4E8D-8ACA-5A34246A1FA6}.Release|Any CPU.Build.0 = Release|Any CPU
		{0A9D9AA4-F01C-470F-AD5B-5A81EA7A398D}.Debug|Any CPU.ActiveCfg = Debug|Any CPU
		{0A9D9AA4-F01C-470F-AD5B-5A81EA7A398D}.Debug|Any CPU.Build.0 = Debug|Any CPU
		{0A9D9AA4-F01C-470F-AD5B-5A81EA7A398D}.Release|Any CPU.ActiveCfg = Release|Any CPU
		{0A9D9AA4-F01C-470F-AD5B-5A81EA7A398D}.Release|Any CPU.Build.0 = Release|Any CPU
		{77973BF2-E352-43C9-8CF2-99E01142B2A8}.Debug|Any CPU.ActiveCfg = Debug|Any CPU
		{77973BF2-E352-43C9-8CF2-99E01142B2A8}.Debug|Any CPU.Build.0 = Debug|Any CPU
		{77973BF2-E352-43C9-8CF2-99E01142B2A8}.Release|Any CPU.ActiveCfg = Release|Any CPU
		{77973BF2-E352-43C9-8CF2-99E01142B2A8}.Release|Any CPU.Build.0 = Release|Any CPU
		{14409451-ED11-4DEF-8A89-783834F8316C}.Debug|Any CPU.ActiveCfg = Debug|Any CPU
		{14409451-ED11-4DEF-8A89-783834F8316C}.Debug|Any CPU.Build.0 = Debug|Any CPU
		{14409451-ED11-4DEF-8A89-783834F8316C}.Release|Any CPU.ActiveCfg = Release|Any CPU
		{21EECEDF-7AD0-4456-87D0-ABA47AE3368C}.Debug|Any CPU.ActiveCfg = Debug|Any CPU
		{21EECEDF-7AD0-4456-87D0-ABA47AE3368C}.Debug|Any CPU.Build.0 = Debug|Any CPU
		{21EECEDF-7AD0-4456-87D0-ABA47AE3368C}.Release|Any CPU.ActiveCfg = Release|Any CPU
		{21EECEDF-7AD0-4456-87D0-ABA47AE3368C}.Release|Any CPU.Build.0 = Release|Any CPU
		{05705FCB-B361-4139-8C83-D4D5DF085A62}.Debug|Any CPU.ActiveCfg = Debug|Any CPU
		{05705FCB-B361-4139-8C83-D4D5DF085A62}.Debug|Any CPU.Build.0 = Debug|Any CPU
		{05705FCB-B361-4139-8C83-D4D5DF085A62}.Release|Any CPU.ActiveCfg = Release|Any CPU
		{05705FCB-B361-4139-8C83-D4D5DF085A62}.Release|Any CPU.Build.0 = Release|Any CPU
		{2700614E-A941-42C9-B86F-22D8A47690F3}.Debug|Any CPU.ActiveCfg = Debug|Any CPU
		{2700614E-A941-42C9-B86F-22D8A47690F3}.Debug|Any CPU.Build.0 = Debug|Any CPU
		{2700614E-A941-42C9-B86F-22D8A47690F3}.Release|Any CPU.ActiveCfg = Release|Any CPU
		{2700614E-A941-42C9-B86F-22D8A47690F3}.Release|Any CPU.Build.0 = Release|Any CPU
	EndGlobalSection
	GlobalSection(SolutionProperties) = preSolution
		HideSolutionNode = FALSE
	EndGlobalSection
	GlobalSection(NestedProjects) = preSolution
		{76BC5AB7-1198-4C99-B2C3-3B734931F8EE} = {DD273D5E-6D6C-41FA-A0C8-646CC53C4DC3}
		{EAE7B507-D908-4650-A301-C3341F005A51} = {DAB3DD1E-AD99-46C9-AC42-07E2F03D5A06}
		{8DBCF7DE-532D-45DF-A6B8-5D89415C5B77} = {DD273D5E-6D6C-41FA-A0C8-646CC53C4DC3}
		{2F99B66F-A347-4E8D-8ACA-5A34246A1FA6} = {DAB3DD1E-AD99-46C9-AC42-07E2F03D5A06}
		{0A9D9AA4-F01C-470F-AD5B-5A81EA7A398D} = {DD273D5E-6D6C-41FA-A0C8-646CC53C4DC3}
		{77973BF2-E352-43C9-8CF2-99E01142B2A8} = {DD273D5E-6D6C-41FA-A0C8-646CC53C4DC3}
		{14409451-ED11-4DEF-8A89-783834F8316C} = {257E837B-5B99-44D7-9647-1C2FE0A07520}
		{21EECEDF-7AD0-4456-87D0-ABA47AE3368C} = {DD273D5E-6D6C-41FA-A0C8-646CC53C4DC3}
		{05705FCB-B361-4139-8C83-D4D5DF085A62} = {DD273D5E-6D6C-41FA-A0C8-646CC53C4DC3}
		{2700614E-A941-42C9-B86F-22D8A47690F3} = {91D14746-3446-48E3-B01C-BF77B848738A}
	EndGlobalSection
	GlobalSection(ExtensibilityGlobals) = postSolution
		SolutionGuid = {96973E0C-81D1-42DE-9F78-7103241B4E07}
	EndGlobalSection
EndGlobal
