
Microsoft Visual Studio Solution File, Format Version 12.00
# Visual Studio 15
VisualStudioVersion = 15.0.27004.2006
MinimumVisualStudioVersion = 10.0.40219.1
Project("{2150E333-8FDC-42A3-9474-1A3956D46DE8}") = "src", "src", "{DD273D5E-6D6C-41FA-A0C8-646CC53C4DC3}"
EndProject
Project("{9A19103F-16F7-4668-BE54-9A1E7A4F7556}") = "DotNetToolkit.Repository", "src\DotNetToolkit.Repository\DotNetToolkit.Repository.csproj", "{76BC5AB7-1198-4C99-B2C3-3B734931F8EE}"
EndProject
Project("{2150E333-8FDC-42A3-9474-1A3956D46DE8}") = "test", "test", "{DAB3DD1E-AD99-46C9-AC42-07E2F03D5A06}"
EndProject
Project("{9A19103F-16F7-4668-BE54-9A1E7A4F7556}") = "DotNetToolkit.Repository.Test", "test\DotNetToolkit.Repository.Test\DotNetToolkit.Repository.Test.csproj", "{EAE7B507-D908-4650-A301-C3341F005A51}"
EndProject
Project("{9A19103F-16F7-4668-BE54-9A1E7A4F7556}") = "DotNetToolkit.Repository.EntityFramework", "src\DotNetToolkit.Repository.EntityFramework\DotNetToolkit.Repository.EntityFramework.csproj", "{8DBCF7DE-532D-45DF-A6B8-5D89415C5B77}"
EndProject
Project("{9A19103F-16F7-4668-BE54-9A1E7A4F7556}") = "DotNetToolkit.Repository.Integration.Test", "test\DotNetToolkit.Repository.Integration.Test\DotNetToolkit.Repository.Integration.Test.csproj", "{2F99B66F-A347-4E8D-8ACA-5A34246A1FA6}"
EndProject
Project("{FAE04EC0-301F-11D3-BF4B-00C04F79EFBC}") = "DotNetToolkit.Repository.InMemory", "src\DotNetToolkit.Repository.InMemory\DotNetToolkit.Repository.InMemory.csproj", "{715D2F11-3AAF-476E-9A6A-DCA6DEBD377E}"
EndProject
Global
	GlobalSection(SolutionConfigurationPlatforms) = preSolution
		Debug|Any CPU = Debug|Any CPU
		Release|Any CPU = Release|Any CPU
	EndGlobalSection
	GlobalSection(ProjectConfigurationPlatforms) = postSolution
		{76BC5AB7-1198-4C99-B2C3-3B734931F8EE}.Debug|Any CPU.ActiveCfg = Debug|Any CPU
		{76BC5AB7-1198-4C99-B2C3-3B734931F8EE}.Debug|Any CPU.Build.0 = Debug|Any CPU
		{76BC5AB7-1198-4C99-B2C3-3B734931F8EE}.Release|Any CPU.ActiveCfg = Release|Any CPU
		{76BC5AB7-1198-4C99-B2C3-3B734931F8EE}.Release|Any CPU.Build.0 = Release|Any CPU
		{EAE7B507-D908-4650-A301-C3341F005A51}.Debug|Any CPU.ActiveCfg = Debug|Any CPU
		{EAE7B507-D908-4650-A301-C3341F005A51}.Debug|Any CPU.Build.0 = Debug|Any CPU
		{EAE7B507-D908-4650-A301-C3341F005A51}.Release|Any CPU.ActiveCfg = Release|Any CPU
		{EAE7B507-D908-4650-A301-C3341F005A51}.Release|Any CPU.Build.0 = Release|Any CPU
		{8DBCF7DE-532D-45DF-A6B8-5D89415C5B77}.Debug|Any CPU.ActiveCfg = Debug|Any CPU
		{8DBCF7DE-532D-45DF-A6B8-5D89415C5B77}.Debug|Any CPU.Build.0 = Debug|Any CPU
		{8DBCF7DE-532D-45DF-A6B8-5D89415C5B77}.Release|Any CPU.ActiveCfg = Release|Any CPU
		{8DBCF7DE-532D-45DF-A6B8-5D89415C5B77}.Release|Any CPU.Build.0 = Release|Any CPU
		{2F99B66F-A347-4E8D-8ACA-5A34246A1FA6}.Debug|Any CPU.ActiveCfg = Debug|Any CPU
		{2F99B66F-A347-4E8D-8ACA-5A34246A1FA6}.Debug|Any CPU.Build.0 = Debug|Any CPU
		{2F99B66F-A347-4E8D-8ACA-5A34246A1FA6}.Release|Any CPU.ActiveCfg = Release|Any CPU
		{2F99B66F-A347-4E8D-8ACA-5A34246A1FA6}.Release|Any CPU.Build.0 = Release|Any CPU
		{715D2F11-3AAF-476E-9A6A-DCA6DEBD377E}.Debug|Any CPU.ActiveCfg = Debug|Any CPU
		{715D2F11-3AAF-476E-9A6A-DCA6DEBD377E}.Debug|Any CPU.Build.0 = Debug|Any CPU
		{715D2F11-3AAF-476E-9A6A-DCA6DEBD377E}.Release|Any CPU.ActiveCfg = Release|Any CPU
		{715D2F11-3AAF-476E-9A6A-DCA6DEBD377E}.Release|Any CPU.Build.0 = Release|Any CPU
	EndGlobalSection
	GlobalSection(SolutionProperties) = preSolution
		HideSolutionNode = FALSE
	EndGlobalSection
	GlobalSection(NestedProjects) = preSolution
		{76BC5AB7-1198-4C99-B2C3-3B734931F8EE} = {DD273D5E-6D6C-41FA-A0C8-646CC53C4DC3}
		{EAE7B507-D908-4650-A301-C3341F005A51} = {DAB3DD1E-AD99-46C9-AC42-07E2F03D5A06}
		{8DBCF7DE-532D-45DF-A6B8-5D89415C5B77} = {DD273D5E-6D6C-41FA-A0C8-646CC53C4DC3}
		{2F99B66F-A347-4E8D-8ACA-5A34246A1FA6} = {DAB3DD1E-AD99-46C9-AC42-07E2F03D5A06}
		{715D2F11-3AAF-476E-9A6A-DCA6DEBD377E} = {DD273D5E-6D6C-41FA-A0C8-646CC53C4DC3}
	EndGlobalSection
	GlobalSection(ExtensibilityGlobals) = postSolution
		SolutionGuid = {96973E0C-81D1-42DE-9F78-7103241B4E07}
	EndGlobalSection
EndGlobal
